
Microsoft Visual Studio Solution File, Format Version 12.00
# Visual Studio Version 17
VisualStudioVersion = 17.9.34723.18
MinimumVisualStudioVersion = 10.0.40219.1
Project("{FAE04EC0-301F-11D3-BF4B-00C04F79EFBC}") = "pryBlaiotta2705", "pryBlaiotta2705.csproj", "{F42EF63C-ED2C-4651-9754-D289C640069E}"
EndProject
Global
	GlobalSection(SolutionConfigurationPlatforms) = preSolution
		Debug|Any CPU = Debug|Any CPU
		Release|Any CPU = Release|Any CPU
	EndGlobalSection
	GlobalSection(ProjectConfigurationPlatforms) = postSolution
		{F42EF63C-ED2C-4651-9754-D289C640069E}.Debug|Any CPU.ActiveCfg = Debug|Any CPU
		{F42EF63C-ED2C-4651-9754-D289C640069E}.Debug|Any CPU.Build.0 = Debug|Any CPU
		{F42EF63C-ED2C-4651-9754-D289C640069E}.Release|Any CPU.ActiveCfg = Release|Any CPU
		{F42EF63C-ED2C-4651-9754-D289C640069E}.Release|Any CPU.Build.0 = Release|Any CPU
	EndGlobalSection
	GlobalSection(SolutionProperties) = preSolution
		HideSolutionNode = FALSE
	EndGlobalSection
	GlobalSection(ExtensibilityGlobals) = postSolution
		SolutionGuid = {72DBD91C-66C0-44A5-A0DC-98F858F79392}
	EndGlobalSection
EndGlobal
